
Microsoft Visual Studio Solution File, Format Version 12.00
# Visual Studio Version 17
VisualStudioVersion = 17.14.36414.22 d17.14
MinimumVisualStudioVersion = 10.0.40219.1
Project("{FAE04EC0-301F-11D3-BF4B-00C04F79EFBC}") = "Emtron2Pi", "Emtron2Pi\Emtron2Pi.csproj", "{52145745-F104-4DCB-A8FA-20F84F6B887A}"
EndProject
Global
	GlobalSection(SolutionConfigurationPlatforms) = preSolution
		Debug|Any CPU = Debug|Any CPU
		Release|Any CPU = Release|Any CPU
	EndGlobalSection
	GlobalSection(ProjectConfigurationPlatforms) = postSolution
		{52145745-F104-4DCB-A8FA-20F84F6B887A}.Debug|Any CPU.ActiveCfg = Debug|Any CPU
		{52145745-F104-4DCB-A8FA-20F84F6B887A}.Debug|Any CPU.Build.0 = Debug|Any CPU
		{52145745-F104-4DCB-A8FA-20F84F6B887A}.Release|Any CPU.ActiveCfg = Release|Any CPU
		{52145745-F104-4DCB-A8FA-20F84F6B887A}.Release|Any CPU.Build.0 = Release|Any CPU
	EndGlobalSection
	GlobalSection(SolutionProperties) = preSolution
		HideSolutionNode = FALSE
	EndGlobalSection
	GlobalSection(ExtensibilityGlobals) = postSolution
		SolutionGuid = {AEA69301-4400-4D62-9547-91BBE4E67894}
	EndGlobalSection
EndGlobal
